
Microsoft Visual Studio Solution File, Format Version 12.00
# Visual Studio Version 16
VisualStudioVersion = 16.0.30907.101
MinimumVisualStudioVersion = 10.0.40219.1
Project("{FAE04EC0-301F-11D3-BF4B-00C04F79EFBC}") = "DataAccess", "DataAccess\DataAccess.csproj", "{F957F1E0-7C35-44BD-BC6F-5C6F83D3E0E9}"
EndProject
Project("{FAE04EC0-301F-11D3-BF4B-00C04F79EFBC}") = "Business", "Business\Business.csproj", "{EE9904C4-593A-4C82-A26C-0D78077843C1}"
EndProject
Project("{FAE04EC0-301F-11D3-BF4B-00C04F79EFBC}") = "Entities", "Entities\Entities.csproj", "{1AAC47D3-479A-4E41-85A5-561B80384538}"
EndProject
Project("{FAE04EC0-301F-11D3-BF4B-00C04F79EFBC}") = "ConsoleUI", "ConsoleUI\ConsoleUI.csproj", "{B97E9A3B-5A31-4F10-831E-CB937C6CDAD8}"
EndProject
Global
	GlobalSection(SolutionConfigurationPlatforms) = preSolution
		Debug|Any CPU = Debug|Any CPU
		Release|Any CPU = Release|Any CPU
	EndGlobalSection
	GlobalSection(ProjectConfigurationPlatforms) = postSolution
		{F957F1E0-7C35-44BD-BC6F-5C6F83D3E0E9}.Debug|Any CPU.ActiveCfg = Debug|Any CPU
		{F957F1E0-7C35-44BD-BC6F-5C6F83D3E0E9}.Debug|Any CPU.Build.0 = Debug|Any CPU
		{F957F1E0-7C35-44BD-BC6F-5C6F83D3E0E9}.Release|Any CPU.ActiveCfg = Release|Any CPU
		{F957F1E0-7C35-44BD-BC6F-5C6F83D3E0E9}.Release|Any CPU.Build.0 = Release|Any CPU
		{EE9904C4-593A-4C82-A26C-0D78077843C1}.Debug|Any CPU.ActiveCfg = Debug|Any CPU
		{EE9904C4-593A-4C82-A26C-0D78077843C1}.Debug|Any CPU.Build.0 = Debug|Any CPU
		{EE9904C4-593A-4C82-A26C-0D78077843C1}.Release|Any CPU.ActiveCfg = Release|Any CPU
		{EE9904C4-593A-4C82-A26C-0D78077843C1}.Release|Any CPU.Build.0 = Release|Any CPU
		{1AAC47D3-479A-4E41-85A5-561B80384538}.Debug|Any CPU.ActiveCfg = Debug|Any CPU
		{1AAC47D3-479A-4E41-85A5-561B80384538}.Debug|Any CPU.Build.0 = Debug|Any CPU
		{1AAC47D3-479A-4E41-85A5-561B80384538}.Release|Any CPU.ActiveCfg = Release|Any CPU
		{1AAC47D3-479A-4E41-85A5-561B80384538}.Release|Any CPU.Build.0 = Release|Any CPU
		{B97E9A3B-5A31-4F10-831E-CB937C6CDAD8}.Debug|Any CPU.ActiveCfg = Debug|Any CPU
		{B97E9A3B-5A31-4F10-831E-CB937C6CDAD8}.Debug|Any CPU.Build.0 = Debug|Any CPU
		{B97E9A3B-5A31-4F10-831E-CB937C6CDAD8}.Release|Any CPU.ActiveCfg = Release|Any CPU
		{B97E9A3B-5A31-4F10-831E-CB937C6CDAD8}.Release|Any CPU.Build.0 = Release|Any CPU
	EndGlobalSection
	GlobalSection(SolutionProperties) = preSolution
		HideSolutionNode = FALSE
	EndGlobalSection
	GlobalSection(ExtensibilityGlobals) = postSolution
		SolutionGuid = {90BFDE55-23BA-4566-8B53-1F757ADDD9F8}
	EndGlobalSection
EndGlobal
